
Microsoft Visual Studio Solution File, Format Version 12.00
# Visual Studio Version 17
VisualStudioVersion = 17.3.32929.385
MinimumVisualStudioVersion = 10.0.40219.1
Project("{FAE04EC0-301F-11D3-BF4B-00C04F79EFBC}") = "PsychoMetria", "PsychoMetria\PsychoMetria.csproj", "{E91C444C-599E-4601-9F8D-4EF233AE907D}"
EndProject
Global
	GlobalSection(SolutionConfigurationPlatforms) = preSolution
		Debug|Any CPU = Debug|Any CPU
		Release|Any CPU = Release|Any CPU
	EndGlobalSection
	GlobalSection(ProjectConfigurationPlatforms) = postSolution
		{E91C444C-599E-4601-9F8D-4EF233AE907D}.Debug|Any CPU.ActiveCfg = Debug|Any CPU
		{E91C444C-599E-4601-9F8D-4EF233AE907D}.Debug|Any CPU.Build.0 = Debug|Any CPU
		{E91C444C-599E-4601-9F8D-4EF233AE907D}.Release|Any CPU.ActiveCfg = Release|Any CPU
		{E91C444C-599E-4601-9F8D-4EF233AE907D}.Release|Any CPU.Build.0 = Release|Any CPU
	EndGlobalSection
	GlobalSection(SolutionProperties) = preSolution
		HideSolutionNode = FALSE
	EndGlobalSection
	GlobalSection(ExtensibilityGlobals) = postSolution
		SolutionGuid = {5F943C86-1401-4F1C-9F9E-ADEB4BF21E4A}
	EndGlobalSection
EndGlobal
